
Microsoft Visual Studio Solution File, Format Version 12.00
# Visual Studio Version 17
VisualStudioVersion = 17.3.32901.215
MinimumVisualStudioVersion = 10.0.40219.1
Project("{FAE04EC0-301F-11D3-BF4B-00C04F79EFBC}") = "Doanweb1", "Doanweb1\Doanweb1.csproj", "{C0028B63-662E-4D0E-9E91-C3DD9C5FC644}"
EndProject
Global
	GlobalSection(SolutionConfigurationPlatforms) = preSolution
		Debug|Any CPU = Debug|Any CPU
		Release|Any CPU = Release|Any CPU
	EndGlobalSection
	GlobalSection(ProjectConfigurationPlatforms) = postSolution
		{C0028B63-662E-4D0E-9E91-C3DD9C5FC644}.Debug|Any CPU.ActiveCfg = Debug|Any CPU
		{C0028B63-662E-4D0E-9E91-C3DD9C5FC644}.Debug|Any CPU.Build.0 = Debug|Any CPU
		{C0028B63-662E-4D0E-9E91-C3DD9C5FC644}.Release|Any CPU.ActiveCfg = Release|Any CPU
		{C0028B63-662E-4D0E-9E91-C3DD9C5FC644}.Release|Any CPU.Build.0 = Release|Any CPU
	EndGlobalSection
	GlobalSection(SolutionProperties) = preSolution
		HideSolutionNode = FALSE
	EndGlobalSection
	GlobalSection(ExtensibilityGlobals) = postSolution
		SolutionGuid = {A9E35C43-4ECB-432B-AB5A-DB6485553B9E}
	EndGlobalSection
EndGlobal
